
Microsoft Visual Studio Solution File, Format Version 12.00
# Visual Studio Version 16
VisualStudioVersion = 16.0.31613.86
MinimumVisualStudioVersion = 10.0.40219.1
Project("{8BC9CEB8-8B4A-11D0-8D11-00A0C91BC942}") = "Bai1", "Bai1\Bai1.vcxproj", "{3D2B396A-DB4F-4093-A7CA-3FEF47E456B9}"
EndProject
Project("{8BC9CEB8-8B4A-11D0-8D11-00A0C91BC942}") = "Bai2", "Bai2\Bai2.vcxproj", "{F7689BEF-21FA-42F7-BDA8-E7C28435FC8B}"
EndProject
Project("{8BC9CEB8-8B4A-11D0-8D11-00A0C91BC942}") = "Bai3", "Bai3\Bai3.vcxproj", "{B73D5FCB-7831-4119-AC5A-6A31DC1DC420}"
EndProject
Project("{8BC9CEB8-8B4A-11D0-8D11-00A0C91BC942}") = "Bai4", "Bai4\Bai4.vcxproj", "{971DB354-EA96-4A31-8976-DB93C18A78A4}"
EndProject
Project("{8BC9CEB8-8B4A-11D0-8D11-00A0C91BC942}") = "Bai5", "Bai5\Bai5.vcxproj", "{A054BB3B-4BB8-4E26-B4E3-984777031DE1}"
EndProject
Project("{8BC9CEB8-8B4A-11D0-8D11-00A0C91BC942}") = "Bai6", "Bai6\Bai6.vcxproj", "{CBC2F9AE-A197-43B0-AEFE-F2BC26076BCA}"
EndProject
Project("{8BC9CEB8-8B4A-11D0-8D11-00A0C91BC942}") = "Bai7", "Bai7\Bai7.vcxproj", "{2519BE5E-45E6-418E-9A5C-CC8EE929DBAB}"
EndProject
Project("{8BC9CEB8-8B4A-11D0-8D11-00A0C91BC942}") = "Bai8", "Bai8\Bai8.vcxproj", "{D07B8BA4-8A26-4A29-B3B7-EABFFE7A5E56}"
EndProject
Project("{8BC9CEB8-8B4A-11D0-8D11-00A0C91BC942}") = "Bai9", "Bai9\Bai9.vcxproj", "{290BC6B4-8DCA-4891-A98C-C05CC5DCFF6B}"
EndProject
Project("{8BC9CEB8-8B4A-11D0-8D11-00A0C91BC942}") = "Bai10(1)", "Bai10(1)\Bai10(1).vcxproj", "{8727ACB3-AEB7-4FC2-91D3-A16F2A8834FF}"
EndProject
Project("{8BC9CEB8-8B4A-11D0-8D11-00A0C91BC942}") = "Bai10(2)", "Bai10(2)\Bai10(2).vcxproj", "{F539B9FC-7559-4FEE-8BED-C2A0F62094F5}"
EndProject
Project("{8BC9CEB8-8B4A-11D0-8D11-00A0C91BC942}") = "Bai11", "Bai11\Bai11.vcxproj", "{100E2DB0-144B-4A1D-A49F-7D5BDB1505A6}"
EndProject
Project("{8BC9CEB8-8B4A-11D0-8D11-00A0C91BC942}") = "Bai12", "Bai12\Bai12.vcxproj", "{B7BB7D81-B59C-430E-BA4E-237D64A67C34}"
EndProject
Project("{8BC9CEB8-8B4A-11D0-8D11-00A0C91BC942}") = "Bai13", "Bai13\Bai13.vcxproj", "{A2DA5806-4F79-4817-8473-2C079375F197}"
EndProject
Global
	GlobalSection(SolutionConfigurationPlatforms) = preSolution
		Debug|x64 = Debug|x64
		Debug|x86 = Debug|x86
		Release|x64 = Release|x64
		Release|x86 = Release|x86
	EndGlobalSection
	GlobalSection(ProjectConfigurationPlatforms) = postSolution
		{3D2B396A-DB4F-4093-A7CA-3FEF47E456B9}.Debug|x64.ActiveCfg = Debug|x64
		{3D2B396A-DB4F-4093-A7CA-3FEF47E456B9}.Debug|x64.Build.0 = Debug|x64
		{3D2B396A-DB4F-4093-A7CA-3FEF47E456B9}.Debug|x86.ActiveCfg = Debug|Win32
		{3D2B396A-DB4F-4093-A7CA-3FEF47E456B9}.Debug|x86.Build.0 = Debug|Win32
		{3D2B396A-DB4F-4093-A7CA-3FEF47E456B9}.Release|x64.ActiveCfg = Release|x64
		{3D2B396A-DB4F-4093-A7CA-3FEF47E456B9}.Release|x64.Build.0 = Release|x64
		{3D2B396A-DB4F-4093-A7CA-3FEF47E456B9}.Release|x86.ActiveCfg = Release|Win32
		{3D2B396A-DB4F-4093-A7CA-3FEF47E456B9}.Release|x86.Build.0 = Release|Win32
		{F7689BEF-21FA-42F7-BDA8-E7C28435FC8B}.Debug|x64.ActiveCfg = Debug|x64
		{F7689BEF-21FA-42F7-BDA8-E7C28435FC8B}.Debug|x64.Build.0 = Debug|x64
		{F7689BEF-21FA-42F7-BDA8-E7C28435FC8B}.Debug|x86.ActiveCfg = Debug|Win32
		{F7689BEF-21FA-42F7-BDA8-E7C28435FC8B}.Debug|x86.Build.0 = Debug|Win32
		{F7689BEF-21FA-42F7-BDA8-E7C28435FC8B}.Release|x64.ActiveCfg = Release|x64
		{F7689BEF-21FA-42F7-BDA8-E7C28435FC8B}.Release|x64.Build.0 = Release|x64
		{F7689BEF-21FA-42F7-BDA8-E7C28435FC8B}.Release|x86.ActiveCfg = Release|Win32
		{F7689BEF-21FA-42F7-BDA8-E7C28435FC8B}.Release|x86.Build.0 = Release|Win32
		{B73D5FCB-7831-4119-AC5A-6A31DC1DC420}.Debug|x64.ActiveCfg = Debug|x64
		{B73D5FCB-7831-4119-AC5A-6A31DC1DC420}.Debug|x64.Build.0 = Debug|x64
		{B73D5FCB-7831-4119-AC5A-6A31DC1DC420}.Debug|x86.ActiveCfg = Debug|Win32
		{B73D5FCB-7831-4119-AC5A-6A31DC1DC420}.Debug|x86.Build.0 = Debug|Win32
		{B73D5FCB-7831-4119-AC5A-6A31DC1DC420}.Release|x64.ActiveCfg = Release|x64
		{B73D5FCB-7831-4119-AC5A-6A31DC1DC420}.Release|x64.Build.0 = Release|x64
		{B73D5FCB-7831-4119-AC5A-6A31DC1DC420}.Release|x86.ActiveCfg = Release|Win32
		{B73D5FCB-7831-4119-AC5A-6A31DC1DC420}.Release|x86.Build.0 = Release|Win32
		{971DB354-EA96-4A31-8976-DB93C18A78A4}.Debug|x64.ActiveCfg = Debug|x64
		{971DB354-EA96-4A31-8976-DB93C18A78A4}.Debug|x64.Build.0 = Debug|x64
		{971DB354-EA96-4A31-8976-DB93C18A78A4}.Debug|x86.ActiveCfg = Debug|Win32
		{971DB354-EA96-4A31-8976-DB93C18A78A4}.Debug|x86.Build.0 = Debug|Win32
		{971DB354-EA96-4A31-8976-DB93C18A78A4}.Release|x64.ActiveCfg = Release|x64
		{971DB354-EA96-4A31-8976-DB93C18A78A4}.Release|x64.Build.0 = Release|x64
		{971DB354-EA96-4A31-8976-DB93C18A78A4}.Release|x86.ActiveCfg = Release|Win32
		{971DB354-EA96-4A31-8976-DB93C18A78A4}.Release|x86.Build.0 = Release|Win32
		{A054BB3B-4BB8-4E26-B4E3-984777031DE1}.Debug|x64.ActiveCfg = Debug|x64
		{A054BB3B-4BB8-4E26-B4E3-984777031DE1}.Debug|x64.Build.0 = Debug|x64
		{A054BB3B-4BB8-4E26-B4E3-984777031DE1}.Debug|x86.ActiveCfg = Debug|Win32
		{A054BB3B-4BB8-4E26-B4E3-984777031DE1}.Debug|x86.Build.0 = Debug|Win32
		{A054BB3B-4BB8-4E26-B4E3-984777031DE1}.Release|x64.ActiveCfg = Release|x64
		{A054BB3B-4BB8-4E26-B4E3-984777031DE1}.Release|x64.Build.0 = Release|x64
		{A054BB3B-4BB8-4E26-B4E3-984777031DE1}.Release|x86.ActiveCfg = Release|Win32
		{A054BB3B-4BB8-4E26-B4E3-984777031DE1}.Release|x86.Build.0 = Release|Win32
		{CBC2F9AE-A197-43B0-AEFE-F2BC26076BCA}.Debug|x64.ActiveCfg = Debug|x64
		{CBC2F9AE-A197-43B0-AEFE-F2BC26076BCA}.Debug|x64.Build.0 = Debug|x64
		{CBC2F9AE-A197-43B0-AEFE-F2BC26076BCA}.Debug|x86.ActiveCfg = Debug|Win32
		{CBC2F9AE-A197-43B0-AEFE-F2BC26076BCA}.Debug|x86.Build.0 = Debug|Win32
		{CBC2F9AE-A197-43B0-AEFE-F2BC26076BCA}.Release|x64.ActiveCfg = Release|x64
		{CBC2F9AE-A197-43B0-AEFE-F2BC26076BCA}.Release|x64.Build.0 = Release|x64
		{CBC2F9AE-A197-43B0-AEFE-F2BC26076BCA}.Release|x86.ActiveCfg = Release|Win32
		{CBC2F9AE-A197-43B0-AEFE-F2BC26076BCA}.Release|x86.Build.0 = Release|Win32
		{2519BE5E-45E6-418E-9A5C-CC8EE929DBAB}.Debug|x64.ActiveCfg = Debug|x64
		{2519BE5E-45E6-418E-9A5C-CC8EE929DBAB}.Debug|x64.Build.0 = Debug|x64
		{2519BE5E-45E6-418E-9A5C-CC8EE929DBAB}.Debug|x86.ActiveCfg = Debug|Win32
		{2519BE5E-45E6-418E-9A5C-CC8EE929DBAB}.Debug|x86.Build.0 = Debug|Win32
		{2519BE5E-45E6-418E-9A5C-CC8EE929DBAB}.Release|x64.ActiveCfg = Release|x64
		{2519BE5E-45E6-418E-9A5C-CC8EE929DBAB}.Release|x64.Build.0 = Release|x64
		{2519BE5E-45E6-418E-9A5C-CC8EE929DBAB}.Release|x86.ActiveCfg = Release|Win32
		{2519BE5E-45E6-418E-9A5C-CC8EE929DBAB}.Release|x86.Build.0 = Release|Win32
		{D07B8BA4-8A26-4A29-B3B7-EABFFE7A5E56}.Debug|x64.ActiveCfg = Debug|x64
		{D07B8BA4-8A26-4A29-B3B7-EABFFE7A5E56}.Debug|x64.Build.0 = Debug|x64
		{D07B8BA4-8A26-4A29-B3B7-EABFFE7A5E56}.Debug|x86.ActiveCfg = Debug|Win32
		{D07B8BA4-8A26-4A29-B3B7-EABFFE7A5E56}.Debug|x86.Build.0 = Debug|Win32
		{D07B8BA4-8A26-4A29-B3B7-EABFFE7A5E56}.Release|x64.ActiveCfg = Release|x64
		{D07B8BA4-8A26-4A29-B3B7-EABFFE7A5E56}.Release|x64.Build.0 = Release|x64
		{D07B8BA4-8A26-4A29-B3B7-EABFFE7A5E56}.Release|x86.ActiveCfg = Release|Win32
		{D07B8BA4-8A26-4A29-B3B7-EABFFE7A5E56}.Release|x86.Build.0 = Release|Win32
		{290BC6B4-8DCA-4891-A98C-C05CC5DCFF6B}.Debug|x64.ActiveCfg = Debug|x64
		{290BC6B4-8DCA-4891-A98C-C05CC5DCFF6B}.Debug|x64.Build.0 = Debug|x64
		{290BC6B4-8DCA-4891-A98C-C05CC5DCFF6B}.Debug|x86.ActiveCfg = Debug|Win32
		{290BC6B4-8DCA-4891-A98C-C05CC5DCFF6B}.Debug|x86.Build.0 = Debug|Win32
		{290BC6B4-8DCA-4891-A98C-C05CC5DCFF6B}.Release|x64.ActiveCfg = Release|x64
		{290BC6B4-8DCA-4891-A98C-C05CC5DCFF6B}.Release|x64.Build.0 = Release|x64
		{290BC6B4-8DCA-4891-A98C-C05CC5DCFF6B}.Release|x86.ActiveCfg = Release|Win32
		{290BC6B4-8DCA-4891-A98C-C05CC5DCFF6B}.Release|x86.Build.0 = Release|Win32
		{8727ACB3-AEB7-4FC2-91D3-A16F2A8834FF}.Debug|x64.ActiveCfg = Debug|x64
		{8727ACB3-AEB7-4FC2-91D3-A16F2A8834FF}.Debug|x64.Build.0 = Debug|x64
		{8727ACB3-AEB7-4FC2-91D3-A16F2A8834FF}.Debug|x86.ActiveCfg = Debug|Win32
		{8727ACB3-AEB7-4FC2-91D3-A16F2A8834FF}.Debug|x86.Build.0 = Debug|Win32
		{8727ACB3-AEB7-4FC2-91D3-A16F2A8834FF}.Release|x64.ActiveCfg = Release|x64
		{8727ACB3-AEB7-4FC2-91D3-A16F2A8834FF}.Release|x64.Build.0 = Release|x64
		{8727ACB3-AEB7-4FC2-91D3-A16F2A8834FF}.Release|x86.ActiveCfg = Release|Win32
		{8727ACB3-AEB7-4FC2-91D3-A16F2A8834FF}.Release|x86.Build.0 = Release|Win32
		{F539B9FC-7559-4FEE-8BED-C2A0F62094F5}.Debug|x64.ActiveCfg = Debug|x64
		{F539B9FC-7559-4FEE-8BED-C2A0F62094F5}.Debug|x64.Build.0 = Debug|x64
		{F539B9FC-7559-4FEE-8BED-C2A0F62094F5}.Debug|x86.ActiveCfg = Debug|Win32
		{F539B9FC-7559-4FEE-8BED-C2A0F62094F5}.Debug|x86.Build.0 = Debug|Win32
		{F539B9FC-7559-4FEE-8BED-C2A0F62094F5}.Release|x64.ActiveCfg = Release|x64
		{F539B9FC-7559-4FEE-8BED-C2A0F62094F5}.Release|x64.Build.0 = Release|x64
		{F539B9FC-7559-4FEE-8BED-C2A0F62094F5}.Release|x86.ActiveCfg = Release|Win32
		{F539B9FC-7559-4FEE-8BED-C2A0F62094F5}.Release|x86.Build.0 = Release|Win32
		{100E2DB0-144B-4A1D-A49F-7D5BDB1505A6}.Debug|x64.ActiveCfg = Debug|x64
		{100E2DB0-144B-4A1D-A49F-7D5BDB1505A6}.Debug|x64.Build.0 = Debug|x64
		{100E2DB0-144B-4A1D-A49F-7D5BDB1505A6}.Debug|x86.ActiveCfg = Debug|Win32
		{100E2DB0-144B-4A1D-A49F-7D5BDB1505A6}.Debug|x86.Build.0 = Debug|Win32
		{100E2DB0-144B-4A1D-A49F-7D5BDB1505A6}.Release|x64.ActiveCfg = Release|x64
		{100E2DB0-144B-4A1D-A49F-7D5BDB1505A6}.Release|x64.Build.0 = Release|x64
		{100E2DB0-144B-4A1D-A49F-7D5BDB1505A6}.Release|x86.ActiveCfg = Release|Win32
		{100E2DB0-144B-4A1D-A49F-7D5BDB1505A6}.Release|x86.Build.0 = Release|Win32
		{B7BB7D81-B59C-430E-BA4E-237D64A67C34}.Debug|x64.ActiveCfg = Debug|x64
		{B7BB7D81-B59C-430E-BA4E-237D64A67C34}.Debug|x64.Build.0 = Debug|x64
		{B7BB7D81-B59C-430E-BA4E-237D64A67C34}.Debug|x86.ActiveCfg = Debug|Win32
		{B7BB7D81-B59C-430E-BA4E-237D64A67C34}.Debug|x86.Build.0 = Debug|Win32
		{B7BB7D81-B59C-430E-BA4E-237D64A67C34}.Release|x64.ActiveCfg = Release|x64
		{B7BB7D81-B59C-430E-BA4E-237D64A67C34}.Release|x64.Build.0 = Release|x64
		{B7BB7D81-B59C-430E-BA4E-237D64A67C34}.Release|x86.ActiveCfg = Release|Win32
		{B7BB7D81-B59C-430E-BA4E-237D64A67C34}.Release|x86.Build.0 = Release|Win32
		{A2DA5806-4F79-4817-8473-2C079375F197}.Debug|x64.ActiveCfg = Debug|x64
		{A2DA5806-4F79-4817-8473-2C079375F197}.Debug|x64.Build.0 = Debug|x64
		{A2DA5806-4F79-4817-8473-2C079375F197}.Debug|x86.ActiveCfg = Debug|Win32
		{A2DA5806-4F79-4817-8473-2C079375F197}.Debug|x86.Build.0 = Debug|Win32
		{A2DA5806-4F79-4817-8473-2C079375F197}.Release|x64.ActiveCfg = Release|x64
		{A2DA5806-4F79-4817-8473-2C079375F197}.Release|x64.Build.0 = Release|x64
		{A2DA5806-4F79-4817-8473-2C079375F197}.Release|x86.ActiveCfg = Release|Win32
		{A2DA5806-4F79-4817-8473-2C079375F197}.Release|x86.Build.0 = Release|Win32
	EndGlobalSection
	GlobalSection(SolutionProperties) = preSolution
		HideSolutionNode = FALSE
	EndGlobalSection
	GlobalSection(ExtensibilityGlobals) = postSolution
		SolutionGuid = {28906313-2994-4984-A1E0-2920E35B89E1}
	EndGlobalSection
EndGlobal
